
Microsoft Visual Studio Solution File, Format Version 12.00
# Visual Studio 2013
VisualStudioVersion = 12.0.31101.0
MinimumVisualStudioVersion = 10.0.40219.1
Project("{FAE04EC0-301F-11D3-BF4B-00C04F79EFBC}") = "KompetanseApplikasjon", "KompetanseApplikasjon\KompetanseApplikasjon.csproj", "{35BEA02D-CFE8-46C1-8B58-380D5C96CC47}"
EndProject
Project("{FAE04EC0-301F-11D3-BF4B-00C04F79EFBC}") = "KompetanseApplikasjon.Tests", "KompetanseApplikasjon.Tests\KompetanseApplikasjon.Tests.csproj", "{1330CFA8-0446-4561-915E-913B0E75BF91}"
EndProject
Global
	GlobalSection(SolutionConfigurationPlatforms) = preSolution
		Debug|Any CPU = Debug|Any CPU
		Release|Any CPU = Release|Any CPU
	EndGlobalSection
	GlobalSection(ProjectConfigurationPlatforms) = postSolution
		{35BEA02D-CFE8-46C1-8B58-380D5C96CC47}.Debug|Any CPU.ActiveCfg = Debug|Any CPU
		{35BEA02D-CFE8-46C1-8B58-380D5C96CC47}.Debug|Any CPU.Build.0 = Debug|Any CPU
		{35BEA02D-CFE8-46C1-8B58-380D5C96CC47}.Release|Any CPU.ActiveCfg = Release|Any CPU
		{35BEA02D-CFE8-46C1-8B58-380D5C96CC47}.Release|Any CPU.Build.0 = Release|Any CPU
		{1330CFA8-0446-4561-915E-913B0E75BF91}.Debug|Any CPU.ActiveCfg = Debug|Any CPU
		{1330CFA8-0446-4561-915E-913B0E75BF91}.Debug|Any CPU.Build.0 = Debug|Any CPU
		{1330CFA8-0446-4561-915E-913B0E75BF91}.Release|Any CPU.ActiveCfg = Release|Any CPU
		{1330CFA8-0446-4561-915E-913B0E75BF91}.Release|Any CPU.Build.0 = Release|Any CPU
	EndGlobalSection
	GlobalSection(SolutionProperties) = preSolution
		HideSolutionNode = FALSE
	EndGlobalSection
EndGlobal
